// !$*UTF8*$!
{
	archiveVersion = 1;
	classes = {
	};
	objectVersion = 56;
	objects = {

/* Begin PBXBuildFile section */
		5808C93B2A9A2B30003CE2E1 /* AppDelegate.swift in Sources */ = {isa = PBXBuildFile; fileRef = 5808C93A2A9A2B30003CE2E1 /* AppDelegate.swift */; };
		5808C93D2A9A2B30003CE2E1 /* SceneDelegate.swift in Sources */ = {isa = PBXBuildFile; fileRef = 5808C93C2A9A2B30003CE2E1 /* SceneDelegate.swift */; };
		5808C93F2A9A2B30003CE2E1 /* ViewController.swift in Sources */ = {isa = PBXBuildFile; fileRef = 5808C93E2A9A2B30003CE2E1 /* ViewController.swift */; };
		5808C9422A9A2B30003CE2E1 /* Main.storyboard in Resources */ = {isa = PBXBuildFile; fileRef = 5808C9402A9A2B30003CE2E1 /* Main.storyboard */; };
		5808C9442A9A2B31003CE2E1 /* Assets.xcassets in Resources */ = {isa = PBXBuildFile; fileRef = 5808C9432A9A2B31003CE2E1 /* Assets.xcassets */; };
		5808C9472A9A2B31003CE2E1 /* LaunchScreen.storyboard in Resources */ = {isa = PBXBuildFile; fileRef = 5808C9452A9A2B31003CE2E1 /* LaunchScreen.storyboard */; };
		5808C9522A9A2B31003CE2E1 /* habit_trackerTests.swift in Sources */ = {isa = PBXBuildFile; fileRef = 5808C9512A9A2B31003CE2E1 /* habit_trackerTests.swift */; };
		5808C95C2A9A2B32003CE2E1 /* habit_trackerUITests.swift in Sources */ = {isa = PBXBuildFile; fileRef = 5808C95B2A9A2B32003CE2E1 /* habit_trackerUITests.swift */; };
		5808C95E2A9A2B32003CE2E1 /* habit_trackerUITestsLaunchTests.swift in Sources */ = {isa = PBXBuildFile; fileRef = 5808C95D2A9A2B32003CE2E1 /* habit_trackerUITestsLaunchTests.swift */; };
/* End PBXBuildFile section */

/* Begin PBXContainerItemProxy section */
		5808C94E2A9A2B31003CE2E1 /* PBXContainerItemProxy */ = {
			isa = PBXContainerItemProxy;
			containerPortal = 5808C92F2A9A2B30003CE2E1 /* Project object */;
			proxyType = 1;
			remoteGlobalIDString = 5808C9362A9A2B30003CE2E1;
			remoteInfo = "habit-tracker";
		};
		5808C9582A9A2B32003CE2E1 /* PBXContainerItemProxy */ = {
			isa = PBXContainerItemProxy;
			containerPortal = 5808C92F2A9A2B30003CE2E1 /* Project object */;
			proxyType = 1;
			remoteGlobalIDString = 5808C9362A9A2B30003CE2E1;
			remoteInfo = "habit-tracker";
		};
/* End PBXContainerItemProxy section */

/* Begin PBXFileReference section */
		5808C9372A9A2B30003CE2E1 /* habit-tracker.app */ = {isa = PBXFileReference; explicitFileType = wrapper.application; includeInIndex = 0; path = "habit-tracker.app"; sourceTree = BUILT_PRODUCTS_DIR; };
		5808C93A2A9A2B30003CE2E1 /* AppDelegate.swift */ = {isa = PBXFileReference; lastKnownFileType = sourcecode.swift; path = AppDelegate.swift; sourceTree = "<group>"; };
		5808C93C2A9A2B30003CE2E1 /* SceneDelegate.swift */ = {isa = PBXFileReference; lastKnownFileType = sourcecode.swift; path = SceneDelegate.swift; sourceTree = "<group>"; };
		5808C93E2A9A2B30003CE2E1 /* ViewController.swift */ = {isa = PBXFileReference; lastKnownFileType = sourcecode.swift; path = ViewController.swift; sourceTree = "<group>"; };
		5808C9412A9A2B30003CE2E1 /* Base */ = {isa = PBXFileReference; lastKnownFileType = file.storyboard; name = Base; path = Base.lproj/Main.storyboard; sourceTree = "<group>"; };
		5808C9432A9A2B31003CE2E1 /* Assets.xcassets */ = {isa = PBXFileReference; lastKnownFileType = folder.assetcatalog; path = Assets.xcassets; sourceTree = "<group>"; };
		5808C9462A9A2B31003CE2E1 /* Base */ = {isa = PBXFileReference; lastKnownFileType = file.storyboard; name = Base; path = Base.lproj/LaunchScreen.storyboard; sourceTree = "<group>"; };
		5808C9482A9A2B31003CE2E1 /* Info.plist */ = {isa = PBXFileReference; lastKnownFileType = text.plist.xml; path = Info.plist; sourceTree = "<group>"; };
		5808C94D2A9A2B31003CE2E1 /* habit-trackerTests.xctest */ = {isa = PBXFileReference; explicitFileType = wrapper.cfbundle; includeInIndex = 0; path = "habit-trackerTests.xctest"; sourceTree = BUILT_PRODUCTS_DIR; };
		5808C9512A9A2B31003CE2E1 /* habit_trackerTests.swift */ = {isa = PBXFileReference; lastKnownFileType = sourcecode.swift; path = habit_trackerTests.swift; sourceTree = "<group>"; };
		5808C9572A9A2B32003CE2E1 /* habit-trackerUITests.xctest */ = {isa = PBXFileReference; explicitFileType = wrapper.cfbundle; includeInIndex = 0; path = "habit-trackerUITests.xctest"; sourceTree = BUILT_PRODUCTS_DIR; };
		5808C95B2A9A2B32003CE2E1 /* habit_trackerUITests.swift */ = {isa = PBXFileReference; lastKnownFileType = sourcecode.swift; path = habit_trackerUITests.swift; sourceTree = "<group>"; };
		5808C95D2A9A2B32003CE2E1 /* habit_trackerUITestsLaunchTests.swift */ = {isa = PBXFileReference; lastKnownFileType = sourcecode.swift; path = habit_trackerUITestsLaunchTests.swift; sourceTree = "<group>"; };
/* End PBXFileReference section */

/* Begin PBXFrameworksBuildPhase section */
		5808C9342A9A2B30003CE2E1 /* Frameworks */ = {
			isa = PBXFrameworksBuildPhase;
			buildActionMask = 2147483647;
			files = (
			);
			runOnlyForDeploymentPostprocessing = 0;
		};
		5808C94A2A9A2B31003CE2E1 /* Frameworks */ = {
			isa = PBXFrameworksBuildPhase;
			buildActionMask = 2147483647;
			files = (
			);
			runOnlyForDeploymentPostprocessing = 0;
		};
		5808C9542A9A2B32003CE2E1 /* Frameworks */ = {
			isa = PBXFrameworksBuildPhase;
			buildActionMask = 2147483647;
			files = (
			);
			runOnlyForDeploymentPostprocessing = 0;
		};
/* End PBXFrameworksBuildPhase section */

/* Begin PBXGroup section */
		5808C92E2A9A2B30003CE2E1 = {
			isa = PBXGroup;
			children = (
				5808C9392A9A2B30003CE2E1 /* habit-tracker */,
				5808C9502A9A2B31003CE2E1 /* habit-trackerTests */,
				5808C95A2A9A2B32003CE2E1 /* habit-trackerUITests */,
				5808C9382A9A2B30003CE2E1 /* Products */,
			);
			sourceTree = "<group>";
		};
		5808C9382A9A2B30003CE2E1 /* Products */ = {
			isa = PBXGroup;
			children = (
				5808C9372A9A2B30003CE2E1 /* habit-tracker.app */,
				5808C94D2A9A2B31003CE2E1 /* habit-trackerTests.xctest */,
				5808C9572A9A2B32003CE2E1 /* habit-trackerUITests.xctest */,
			);
			name = Products;
			sourceTree = "<group>";
		};
		5808C9392A9A2B30003CE2E1 /* habit-tracker */ = {
			isa = PBXGroup;
			children = (
				5808C93A2A9A2B30003CE2E1 /* AppDelegate.swift */,
				5808C93C2A9A2B30003CE2E1 /* SceneDelegate.swift */,
				5808C93E2A9A2B30003CE2E1 /* ViewController.swift */,
				5808C9402A9A2B30003CE2E1 /* Main.storyboard */,
				5808C9432A9A2B31003CE2E1 /* Assets.xcassets */,
				5808C9452A9A2B31003CE2E1 /* LaunchScreen.storyboard */,
				5808C9482A9A2B31003CE2E1 /* Info.plist */,
			);
			path = "habit-tracker";
			sourceTree = "<group>";
		};
		5808C9502A9A2B31003CE2E1 /* habit-trackerTests */ = {
			isa = PBXGroup;
			children = (
				5808C9512A9A2B31003CE2E1 /* habit_trackerTests.swift */,
			);
			path = "habit-trackerTests";
			sourceTree = "<group>";
		};
		5808C95A2A9A2B32003CE2E1 /* habit-trackerUITests */ = {
			isa = PBXGroup;
			children = (
				5808C95B2A9A2B32003CE2E1 /* habit_trackerUITests.swift */,
				5808C95D2A9A2B32003CE2E1 /* habit_trackerUITestsLaunchTests.swift */,
			);
			path = "habit-trackerUITests";
			sourceTree = "<group>";
		};
/* End PBXGroup section */

/* Begin PBXNativeTarget section */
		5808C9362A9A2B30003CE2E1 /* habit-tracker */ = {
			isa = PBXNativeTarget;
			buildConfigurationList = 5808C9612A9A2B32003CE2E1 /* Build configuration list for PBXNativeTarget "habit-tracker" */;
			buildPhases = (
				5808C9332A9A2B30003CE2E1 /* Sources */,
				5808C9342A9A2B30003CE2E1 /* Frameworks */,
				5808C9352A9A2B30003CE2E1 /* Resources */,
			);
			buildRules = (
			);
			dependencies = (
			);
			name = "habit-tracker";
			productName = "habit-tracker";
			productReference = 5808C9372A9A2B30003CE2E1 /* habit-tracker.app */;
			productType = "com.apple.product-type.application";
		};
		5808C94C2A9A2B31003CE2E1 /* habit-trackerTests */ = {
			isa = PBXNativeTarget;
			buildConfigurationList = 5808C9642A9A2B32003CE2E1 /* Build configuration list for PBXNativeTarget "habit-trackerTests" */;
			buildPhases = (
				5808C9492A9A2B31003CE2E1 /* Sources */,
				5808C94A2A9A2B31003CE2E1 /* Frameworks */,
				5808C94B2A9A2B31003CE2E1 /* Resources */,
			);
			buildRules = (
			);
			dependencies = (
				5808C94F2A9A2B31003CE2E1 /* PBXTargetDependency */,
			);
			name = "habit-trackerTests";
			productName = "habit-trackerTests";
			productReference = 5808C94D2A9A2B31003CE2E1 /* habit-trackerTests.xctest */;
			productType = "com.apple.product-type.bundle.unit-test";
		};
		5808C9562A9A2B32003CE2E1 /* habit-trackerUITests */ = {
			isa = PBXNativeTarget;
			buildConfigurationList = 5808C9672A9A2B32003CE2E1 /* Build configuration list for PBXNativeTarget "habit-trackerUITests" */;
			buildPhases = (
				5808C9532A9A2B32003CE2E1 /* Sources */,
				5808C9542A9A2B32003CE2E1 /* Frameworks */,
				5808C9552A9A2B32003CE2E1 /* Resources */,
			);
			buildRules = (
			);
			dependencies = (
				5808C9592A9A2B32003CE2E1 /* PBXTargetDependency */,
			);
			name = "habit-trackerUITests";
			productName = "habit-trackerUITests";
			productReference = 5808C9572A9A2B32003CE2E1 /* habit-trackerUITests.xctest */;
			productType = "com.apple.product-type.bundle.ui-testing";
		};
/* End PBXNativeTarget section */

/* Begin PBXProject section */
		5808C92F2A9A2B30003CE2E1 /* Project object */ = {
			isa = PBXProject;
			attributes = {
				BuildIndependentTargetsInParallel = 1;
				LastSwiftUpdateCheck = 1430;
				LastUpgradeCheck = 1430;
				TargetAttributes = {
					5808C9362A9A2B30003CE2E1 = {
						CreatedOnToolsVersion = 14.3.1;
					};
					5808C94C2A9A2B31003CE2E1 = {
						CreatedOnToolsVersion = 14.3.1;
						TestTargetID = 5808C9362A9A2B30003CE2E1;
					};
					5808C9562A9A2B32003CE2E1 = {
						CreatedOnToolsVersion = 14.3.1;
						TestTargetID = 5808C9362A9A2B30003CE2E1;
					};
				};
			};
			buildConfigurationList = 5808C9322A9A2B30003CE2E1 /* Build configuration list for PBXProject "habit-tracker" */;
			compatibilityVersion = "Xcode 14.0";
			developmentRegion = en;
			hasScannedForEncodings = 0;
			knownRegions = (
				en,
				Base,
			);
			mainGroup = 5808C92E2A9A2B30003CE2E1;
			productRefGroup = 5808C9382A9A2B30003CE2E1 /* Products */;
			projectDirPath = "";
			projectRoot = "";
			targets = (
				5808C9362A9A2B30003CE2E1 /* habit-tracker */,
				5808C94C2A9A2B31003CE2E1 /* habit-trackerTests */,
				5808C9562A9A2B32003CE2E1 /* habit-trackerUITests */,
			);
		};
/* End PBXProject section */

/* Begin PBXResourcesBuildPhase section */
		5808C9352A9A2B30003CE2E1 /* Resources */ = {
			isa = PBXResourcesBuildPhase;
			buildActionMask = 2147483647;
			files = (
				5808C9472A9A2B31003CE2E1 /* LaunchScreen.storyboard in Resources */,
				5808C9442A9A2B31003CE2E1 /* Assets.xcassets in Resources */,
				5808C9422A9A2B30003CE2E1 /* Main.storyboard in Resources */,
			);
			runOnlyForDeploymentPostprocessing = 0;
		};
		5808C94B2A9A2B31003CE2E1 /* Resources */ = {
			isa = PBXResourcesBuildPhase;
			buildActionMask = 2147483647;
			files = (
			);
			runOnlyForDeploymentPostprocessing = 0;
		};
		5808C9552A9A2B32003CE2E1 /* Resources */ = {
			isa = PBXResourcesBuildPhase;
			buildActionMask = 2147483647;
			files = (
			);
			runOnlyForDeploymentPostprocessing = 0;
		};
/* End PBXResourcesBuildPhase section */

/* Begin PBXSourcesBuildPhase section */
		5808C9332A9A2B30003CE2E1 /* Sources */ = {
			isa = PBXSourcesBuildPhase;
			buildActionMask = 2147483647;
			files = (
				5808C93F2A9A2B30003CE2E1 /* ViewController.swift in Sources */,
				5808C93B2A9A2B30003CE2E1 /* AppDelegate.swift in Sources */,
				5808C93D2A9A2B30003CE2E1 /* SceneDelegate.swift in Sources */,
			);
			runOnlyForDeploymentPostprocessing = 0;
		};
		5808C9492A9A2B31003CE2E1 /* Sources */ = {
			isa = PBXSourcesBuildPhase;
			buildActionMask = 2147483647;
			files = (
				5808C9522A9A2B31003CE2E1 /* habit_trackerTests.swift in Sources */,
			);
			runOnlyForDeploymentPostprocessing = 0;
		};
		5808C9532A9A2B32003CE2E1 /* Sources */ = {
			isa = PBXSourcesBuildPhase;
			buildActionMask = 2147483647;
			files = (
				5808C95E2A9A2B32003CE2E1 /* habit_trackerUITestsLaunchTests.swift in Sources */,
				5808C95C2A9A2B32003CE2E1 /* habit_trackerUITests.swift in Sources */,
			);
			runOnlyForDeploymentPostprocessing = 0;
		};
/* End PBXSourcesBuildPhase section */

/* Begin PBXTargetDependency section */
		5808C94F2A9A2B31003CE2E1 /* PBXTargetDependency */ = {
			isa = PBXTargetDependency;
			target = 5808C9362A9A2B30003CE2E1 /* habit-tracker */;
			targetProxy = 5808C94E2A9A2B31003CE2E1 /* PBXContainerItemProxy */;
		};
		5808C9592A9A2B32003CE2E1 /* PBXTargetDependency */ = {
			isa = PBXTargetDependency;
			target = 5808C9362A9A2B30003CE2E1 /* habit-tracker */;
			targetProxy = 5808C9582A9A2B32003CE2E1 /* PBXContainerItemProxy */;
		};
/* End PBXTargetDependency section */

/* Begin PBXVariantGroup section */
		5808C9402A9A2B30003CE2E1 /* Main.storyboard */ = {
			isa = PBXVariantGroup;
			children = (
				5808C9412A9A2B30003CE2E1 /* Base */,
			);
			name = Main.storyboard;
			sourceTree = "<group>";
		};
		5808C9452A9A2B31003CE2E1 /* LaunchScreen.storyboard */ = {
			isa = PBXVariantGroup;
			children = (
				5808C9462A9A2B31003CE2E1 /* Base */,
			);
			name = LaunchScreen.storyboard;
			sourceTree = "<group>";
		};
/* End PBXVariantGroup section */

/* Begin XCBuildConfiguration section */
		5808C95F2A9A2B32003CE2E1 /* Debug */ = {
			isa = XCBuildConfiguration;
			buildSettings = {
				ALWAYS_SEARCH_USER_PATHS = NO;
				CLANG_ANALYZER_NONNULL = YES;
				CLANG_ANALYZER_NUMBER_OBJECT_CONVERSION = YES_AGGRESSIVE;
				CLANG_CXX_LANGUAGE_STANDARD = "gnu++20";
				CLANG_ENABLE_MODULES = YES;
				CLANG_ENABLE_OBJC_ARC = YES;
				CLANG_ENABLE_OBJC_WEAK = YES;
				CLANG_WARN_BLOCK_CAPTURE_AUTORELEASING = YES;
				CLANG_WARN_BOOL_CONVERSION = YES;
				CLANG_WARN_COMMA = YES;
				CLANG_WARN_CONSTANT_CONVERSION = YES;
				CLANG_WARN_DEPRECATED_OBJC_IMPLEMENTATIONS = YES;
				CLANG_WARN_DIRECT_OBJC_ISA_USAGE = YES_ERROR;
				CLANG_WARN_DOCUMENTATION_COMMENTS = YES;
				CLANG_WARN_EMPTY_BODY = YES;
				CLANG_WARN_ENUM_CONVERSION = YES;
				CLANG_WARN_INFINITE_RECURSION = YES;
				CLANG_WARN_INT_CONVERSION = YES;
				CLANG_WARN_NON_LITERAL_NULL_CONVERSION = YES;
				CLANG_WARN_OBJC_IMPLICIT_RETAIN_SELF = YES;
				CLANG_WARN_OBJC_LITERAL_CONVERSION = YES;
				CLANG_WARN_OBJC_ROOT_CLASS = YES_ERROR;
				CLANG_WARN_QUOTED_INCLUDE_IN_FRAMEWORK_HEADER = YES;
				CLANG_WARN_RANGE_LOOP_ANALYSIS = YES;
				CLANG_WARN_STRICT_PROTOTYPES = YES;
				CLANG_WARN_SUSPICIOUS_MOVE = YES;
				CLANG_WARN_UNGUARDED_AVAILABILITY = YES_AGGRESSIVE;
				CLANG_WARN_UNREACHABLE_CODE = YES;
				CLANG_WARN__DUPLICATE_METHOD_MATCH = YES;
				COPY_PHASE_STRIP = NO;
				DEBUG_INFORMATION_FORMAT = dwarf;
				ENABLE_STRICT_OBJC_MSGSEND = YES;
				ENABLE_TESTABILITY = YES;
				GCC_C_LANGUAGE_STANDARD = gnu11;
				GCC_DYNAMIC_NO_PIC = NO;
				GCC_NO_COMMON_BLOCKS = YES;
				GCC_OPTIMIZATION_LEVEL = 0;
				GCC_PREPROCESSOR_DEFINITIONS = (
					"DEBUG=1",
					"$(inherited)",
				);
				GCC_WARN_64_TO_32_BIT_CONVERSION = YES;
				GCC_WARN_ABOUT_RETURN_TYPE = YES_ERROR;
				GCC_WARN_UNDECLARED_SELECTOR = YES;
				GCC_WARN_UNINITIALIZED_AUTOS = YES_AGGRESSIVE;
				GCC_WARN_UNUSED_FUNCTION = YES;
				GCC_WARN_UNUSED_VARIABLE = YES;
				IPHONEOS_DEPLOYMENT_TARGET = 16.4;
				MTL_ENABLE_DEBUG_INFO = INCLUDE_SOURCE;
				MTL_FAST_MATH = YES;
				ONLY_ACTIVE_ARCH = YES;
				SDKROOT = iphoneos;
				SWIFT_ACTIVE_COMPILATION_CONDITIONS = DEBUG;
				SWIFT_OPTIMIZATION_LEVEL = "-Onone";
			};
			name = Debug;
		};
		5808C9602A9A2B32003CE2E1 /* Release */ = {
			isa = XCBuildConfiguration;
			buildSettings = {
				ALWAYS_SEARCH_USER_PATHS = NO;
				CLANG_ANALYZER_NONNULL = YES;
				CLANG_ANALYZER_NUMBER_OBJECT_CONVERSION = YES_AGGRESSIVE;
				CLANG_CXX_LANGUAGE_STANDARD = "gnu++20";
				CLANG_ENABLE_MODULES = YES;
				CLANG_ENABLE_OBJC_ARC = YES;
				CLANG_ENABLE_OBJC_WEAK = YES;
				CLANG_WARN_BLOCK_CAPTURE_AUTORELEASING = YES;
				CLANG_WARN_BOOL_CONVERSION = YES;
				CLANG_WARN_COMMA = YES;
				CLANG_WARN_CONSTANT_CONVERSION = YES;
				CLANG_WARN_DEPRECATED_OBJC_IMPLEMENTATIONS = YES;
				CLANG_WARN_DIRECT_OBJC_ISA_USAGE = YES_ERROR;
				CLANG_WARN_DOCUMENTATION_COMMENTS = YES;
				CLANG_WARN_EMPTY_BODY = YES;
				CLANG_WARN_ENUM_CONVERSION = YES;
				CLANG_WARN_INFINITE_RECURSION = YES;
				CLANG_WARN_INT_CONVERSION = YES;
				CLANG_WARN_NON_LITERAL_NULL_CONVERSION = YES;
				CLANG_WARN_OBJC_IMPLICIT_RETAIN_SELF = YES;
				CLANG_WARN_OBJC_LITERAL_CONVERSION = YES;
				CLANG_WARN_OBJC_ROOT_CLASS = YES_ERROR;
				CLANG_WARN_QUOTED_INCLUDE_IN_FRAMEWORK_HEADER = YES;
				CLANG_WARN_RANGE_LOOP_ANALYSIS = YES;
				CLANG_WARN_STRICT_PROTOTYPES = YES;
				CLANG_WARN_SUSPICIOUS_MOVE = YES;
				CLANG_WARN_UNGUARDED_AVAILABILITY = YES_AGGRESSIVE;
				CLANG_WARN_UNREACHABLE_CODE = YES;
				CLANG_WARN__DUPLICATE_METHOD_MATCH = YES;
				COPY_PHASE_STRIP = NO;
				DEBUG_INFORMATION_FORMAT = "dwarf-with-dsym";
				ENABLE_NS_ASSERTIONS = NO;
				ENABLE_STRICT_OBJC_MSGSEND = YES;
				GCC_C_LANGUAGE_STANDARD = gnu11;
				GCC_NO_COMMON_BLOCKS = YES;
				GCC_WARN_64_TO_32_BIT_CONVERSION = YES;
				GCC_WARN_ABOUT_RETURN_TYPE = YES_ERROR;
				GCC_WARN_UNDECLARED_SELECTOR = YES;
				GCC_WARN_UNINITIALIZED_AUTOS = YES_AGGRESSIVE;
				GCC_WARN_UNUSED_FUNCTION = YES;
				GCC_WARN_UNUSED_VARIABLE = YES;
				IPHONEOS_DEPLOYMENT_TARGET = 16.4;
				MTL_ENABLE_DEBUG_INFO = NO;
				MTL_FAST_MATH = YES;
				SDKROOT = iphoneos;
				SWIFT_COMPILATION_MODE = wholemodule;
				SWIFT_OPTIMIZATION_LEVEL = "-O";
				VALIDATE_PRODUCT = YES;
			};
			name = Release;
		};
		5808C9622A9A2B32003CE2E1 /* Debug */ = {
			isa = XCBuildConfiguration;
			buildSettings = {
				ASSETCATALOG_COMPILER_APPICON_NAME = AppIcon;
				ASSETCATALOG_COMPILER_GLOBAL_ACCENT_COLOR_NAME = AccentColor;
				CODE_SIGN_STYLE = Automatic;
				CURRENT_PROJECT_VERSION = 1;
				GENERATE_INFOPLIST_FILE = YES;
				INFOPLIST_FILE = "habit-tracker/Info.plist";
				INFOPLIST_KEY_UIApplicationSupportsIndirectInputEvents = YES;
				INFOPLIST_KEY_UILaunchStoryboardName = LaunchScreen;
				INFOPLIST_KEY_UIMainStoryboardFile = Main;
				INFOPLIST_KEY_UISupportedInterfaceOrientations_iPad = "UIInterfaceOrientationPortrait UIInterfaceOrientationPortraitUpsideDown UIInterfaceOrientationLandscapeLeft UIInterfaceOrientationLandscapeRight";
				INFOPLIST_KEY_UISupportedInterfaceOrientations_iPhone = "UIInterfaceOrientationPortrait UIInterfaceOrientationLandscapeLeft UIInterfaceOrientationLandscapeRight";
				LD_RUNPATH_SEARCH_PATHS = (
					"$(inherited)",
					"@executable_path/Frameworks",
				);
				MARKETING_VERSION = 1.0;
				PRODUCT_BUNDLE_IDENTIFIER = "mervebduman.habit-tracker";
				PRODUCT_NAME = "$(TARGET_NAME)";
				SWIFT_EMIT_LOC_STRINGS = YES;
				SWIFT_VERSION = 5.0;
				TARGETED_DEVICE_FAMILY = "1,2";
			};
			name = Debug;
		};
		5808C9632A9A2B32003CE2E1 /* Release */ = {
			isa = XCBuildConfiguration;
			buildSettings = {
				ASSETCATALOG_COMPILER_APPICON_NAME = AppIcon;
				ASSETCATALOG_COMPILER_GLOBAL_ACCENT_COLOR_NAME = AccentColor;
				CODE_SIGN_STYLE = Automatic;
				CURRENT_PROJECT_VERSION = 1;
				GENERATE_INFOPLIST_FILE = YES;
				INFOPLIST_FILE = "habit-tracker/Info.plist";
				INFOPLIST_KEY_UIApplicationSupportsIndirectInputEvents = YES;
				INFOPLIST_KEY_UILaunchStoryboardName = LaunchScreen;
				INFOPLIST_KEY_UIMainStoryboardFile = Main;
				INFOPLIST_KEY_UISupportedInterfaceOrientations_iPad = "UIInterfaceOrientationPortrait UIInterfaceOrientationPortraitUpsideDown UIInterfaceOrientationLandscapeLeft UIInterfaceOrientationLandscapeRight";
				INFOPLIST_KEY_UISupportedInterfaceOrientations_iPhone = "UIInterfaceOrientationPortrait UIInterfaceOrientationLandscapeLeft UIInterfaceOrientationLandscapeRight";
				LD_RUNPATH_SEARCH_PATHS = (
					"$(inherited)",
					"@executable_path/Frameworks",
				);
				MARKETING_VERSION = 1.0;
				PRODUCT_BUNDLE_IDENTIFIER = "mervebduman.habit-tracker";
				PRODUCT_NAME = "$(TARGET_NAME)";
				SWIFT_EMIT_LOC_STRINGS = YES;
				SWIFT_VERSION = 5.0;
				TARGETED_DEVICE_FAMILY = "1,2";
			};
			name = Release;
		};
		5808C9652A9A2B32003CE2E1 /* Debug */ = {
			isa = XCBuildConfiguration;
			buildSettings = {
				ALWAYS_EMBED_SWIFT_STANDARD_LIBRARIES = YES;
				BUNDLE_LOADER = "$(TEST_HOST)";
				CODE_SIGN_STYLE = Automatic;
				CURRENT_PROJECT_VERSION = 1;
				GENERATE_INFOPLIST_FILE = YES;
				IPHONEOS_DEPLOYMENT_TARGET = 16.4;
				MARKETING_VERSION = 1.0;
				PRODUCT_BUNDLE_IDENTIFIER = "mervebduman.habit-trackerTests";
				PRODUCT_NAME = "$(TARGET_NAME)";
				SWIFT_EMIT_LOC_STRINGS = NO;
				SWIFT_VERSION = 5.0;
				TARGETED_DEVICE_FAMILY = "1,2";
				TEST_HOST = "$(BUILT_PRODUCTS_DIR)/habit-tracker.app/$(BUNDLE_EXECUTABLE_FOLDER_PATH)/habit-tracker";
			};
			name = Debug;
		};
		5808C9662A9A2B32003CE2E1 /* Release */ = {
			isa = XCBuildConfiguration;
			buildSettings = {
				ALWAYS_EMBED_SWIFT_STANDARD_LIBRARIES = YES;
				BUNDLE_LOADER = "$(TEST_HOST)";
				CODE_SIGN_STYLE = Automatic;
				CURRENT_PROJECT_VERSION = 1;
				GENERATE_INFOPLIST_FILE = YES;
				IPHONEOS_DEPLOYMENT_TARGET = 16.4;
				MARKETING_VERSION = 1.0;
				PRODUCT_BUNDLE_IDENTIFIER = "mervebduman.habit-trackerTests";
				PRODUCT_NAME = "$(TARGET_NAME)";
				SWIFT_EMIT_LOC_STRINGS = NO;
				SWIFT_VERSION = 5.0;
				TARGETED_DEVICE_FAMILY = "1,2";
				TEST_HOST = "$(BUILT_PRODUCTS_DIR)/habit-tracker.app/$(BUNDLE_EXECUTABLE_FOLDER_PATH)/habit-tracker";
			};
			name = Release;
		};
		5808C9682A9A2B32003CE2E1 /* Debug */ = {
			isa = XCBuildConfiguration;
			buildSettings = {
				ALWAYS_EMBED_SWIFT_STANDARD_LIBRARIES = YES;
				CODE_SIGN_STYLE = Automatic;
				CURRENT_PROJECT_VERSION = 1;
				GENERATE_INFOPLIST_FILE = YES;
				MARKETING_VERSION = 1.0;
				PRODUCT_BUNDLE_IDENTIFIER = "mervebduman.habit-trackerUITests";
				PRODUCT_NAME = "$(TARGET_NAME)";
				SWIFT_EMIT_LOC_STRINGS = NO;
				SWIFT_VERSION = 5.0;
				TARGETED_DEVICE_FAMILY = "1,2";
				TEST_TARGET_NAME = "habit-tracker";
			};
			name = Debug;
		};
		5808C9692A9A2B32003CE2E1 /* Release */ = {
			isa = XCBuildConfiguration;
			buildSettings = {
				ALWAYS_EMBED_SWIFT_STANDARD_LIBRARIES = YES;
				CODE_SIGN_STYLE = Automatic;
				CURRENT_PROJECT_VERSION = 1;
				GENERATE_INFOPLIST_FILE = YES;
				MARKETING_VERSION = 1.0;
				PRODUCT_BUNDLE_IDENTIFIER = "mervebduman.habit-trackerUITests";
				PRODUCT_NAME = "$(TARGET_NAME)";
				SWIFT_EMIT_LOC_STRINGS = NO;
				SWIFT_VERSION = 5.0;
				TARGETED_DEVICE_FAMILY = "1,2";
				TEST_TARGET_NAME = "habit-tracker";
			};
			name = Release;
		};
/* End XCBuildConfiguration section */

/* Begin XCConfigurationList section */
		5808C9322A9A2B30003CE2E1 /* Build configuration list for PBXProject "habit-tracker" */ = {
			isa = XCConfigurationList;
			buildConfigurations = (
				5808C95F2A9A2B32003CE2E1 /* Debug */,
				5808C9602A9A2B32003CE2E1 /* Release */,
			);
			defaultConfigurationIsVisible = 0;
			defaultConfigurationName = Release;
		};
		5808C9612A9A2B32003CE2E1 /* Build configuration list for PBXNativeTarget "habit-tracker" */ = {
			isa = XCConfigurationList;
			buildConfigurations = (
				5808C9622A9A2B32003CE2E1 /* Debug */,
				5808C9632A9A2B32003CE2E1 /* Release */,
			);
			defaultConfigurationIsVisible = 0;
			defaultConfigurationName = Release;
		};
		5808C9642A9A2B32003CE2E1 /* Build configuration list for PBXNativeTarget "habit-trackerTests" */ = {
			isa = XCConfigurationList;
			buildConfigurations = (
				5808C9652A9A2B32003CE2E1 /* Debug */,
				5808C9662A9A2B32003CE2E1 /* Release */,
			);
			defaultConfigurationIsVisible = 0;
			defaultConfigurationName = Release;
		};
		5808C9672A9A2B32003CE2E1 /* Build configuration list for PBXNativeTarget "habit-trackerUITests" */ = {
			isa = XCConfigurationList;
			buildConfigurations = (
				5808C9682A9A2B32003CE2E1 /* Debug */,
				5808C9692A9A2B32003CE2E1 /* Release */,
			);
			defaultConfigurationIsVisible = 0;
			defaultConfigurationName = Release;
		};
/* End XCConfigurationList section */
	};
	rootObject = 5808C92F2A9A2B30003CE2E1 /* Project object */;
}
